
Microsoft Visual Studio Solution File, Format Version 12.00
# Visual Studio Version 16
VisualStudioVersion = 16.0.29519.181
MinimumVisualStudioVersion = 15.0.26124.0
Project("{2150E333-8FDC-42A3-9474-1A3956D46DE8}") = "src", "src", "{91FCB20E-F743-4476-8E65-5D5E044BD6A4}"
EndProject
Project("{9A19103F-16F7-4668-BE54-9A1E7A4F7556}") = "DevExpress.Blazor.DocumentMetadata", "src\DevExpress.Blazor.DocumentMetadata\DevExpress.Blazor.DocumentMetadata.csproj", "{DA222919-1F4E-4795-B42B-0FBE5B0A0B7D}"
EndProject
Project("{9A19103F-16F7-4668-BE54-9A1E7A4F7556}") = "Doitsu.Ecommerce.Presentation.ClientSide", "src\Doitsu.Ecommerce.Presentation.ClientSide\Doitsu.Ecommerce.Presentation.ClientSide.csproj", "{6DE85834-F227-4D88-B412-CD851D644067}"
EndProject
Project("{9A19103F-16F7-4668-BE54-9A1E7A4F7556}") = "Doitsu.Ecommerce.Presentation.PrerenderingServer", "src\Doitsu.Ecommerce.Presentation.PrerenderingServer\Doitsu.Ecommerce.Presentation.PrerenderingServer.csproj", "{7F9657C4-6471-415D-B499-C67DD205F70D}"
EndProject
Project("{9A19103F-16F7-4668-BE54-9A1E7A4F7556}") = "Doitsu.Ecommerce.Presentation.Shared", "src\Doitsu.Ecommerce.Presentation.Shared\Doitsu.Ecommerce.Presentation.Shared.csproj", "{ACC479A7-1116-484E-97D1-E02526FE1B33}"
EndProject
Global
	GlobalSection(SolutionConfigurationPlatforms) = preSolution
		Debug|Any CPU = Debug|Any CPU
		Debug|x64 = Debug|x64
		Debug|x86 = Debug|x86
		Release|Any CPU = Release|Any CPU
		Release|x64 = Release|x64
		Release|x86 = Release|x86
	EndGlobalSection
	GlobalSection(ProjectConfigurationPlatforms) = postSolution
		{DA222919-1F4E-4795-B42B-0FBE5B0A0B7D}.Debug|Any CPU.ActiveCfg = Debug|Any CPU
		{DA222919-1F4E-4795-B42B-0FBE5B0A0B7D}.Debug|Any CPU.Build.0 = Debug|Any CPU
		{DA222919-1F4E-4795-B42B-0FBE5B0A0B7D}.Debug|x64.ActiveCfg = Debug|Any CPU
		{DA222919-1F4E-4795-B42B-0FBE5B0A0B7D}.Debug|x64.Build.0 = Debug|Any CPU
		{DA222919-1F4E-4795-B42B-0FBE5B0A0B7D}.Debug|x86.ActiveCfg = Debug|Any CPU
		{DA222919-1F4E-4795-B42B-0FBE5B0A0B7D}.Debug|x86.Build.0 = Debug|Any CPU
		{DA222919-1F4E-4795-B42B-0FBE5B0A0B7D}.Release|Any CPU.ActiveCfg = Release|Any CPU
		{DA222919-1F4E-4795-B42B-0FBE5B0A0B7D}.Release|Any CPU.Build.0 = Release|Any CPU
		{DA222919-1F4E-4795-B42B-0FBE5B0A0B7D}.Release|x64.ActiveCfg = Release|Any CPU
		{DA222919-1F4E-4795-B42B-0FBE5B0A0B7D}.Release|x64.Build.0 = Release|Any CPU
		{DA222919-1F4E-4795-B42B-0FBE5B0A0B7D}.Release|x86.ActiveCfg = Release|Any CPU
		{DA222919-1F4E-4795-B42B-0FBE5B0A0B7D}.Release|x86.Build.0 = Release|Any CPU
		{6DE85834-F227-4D88-B412-CD851D644067}.Debug|Any CPU.ActiveCfg = Debug|Any CPU
		{6DE85834-F227-4D88-B412-CD851D644067}.Debug|Any CPU.Build.0 = Debug|Any CPU
		{6DE85834-F227-4D88-B412-CD851D644067}.Debug|x64.ActiveCfg = Debug|Any CPU
		{6DE85834-F227-4D88-B412-CD851D644067}.Debug|x64.Build.0 = Debug|Any CPU
		{6DE85834-F227-4D88-B412-CD851D644067}.Debug|x86.ActiveCfg = Debug|Any CPU
		{6DE85834-F227-4D88-B412-CD851D644067}.Debug|x86.Build.0 = Debug|Any CPU
		{6DE85834-F227-4D88-B412-CD851D644067}.Release|Any CPU.ActiveCfg = Release|Any CPU
		{6DE85834-F227-4D88-B412-CD851D644067}.Release|Any CPU.Build.0 = Release|Any CPU
		{6DE85834-F227-4D88-B412-CD851D644067}.Release|x64.ActiveCfg = Release|Any CPU
		{6DE85834-F227-4D88-B412-CD851D644067}.Release|x64.Build.0 = Release|Any CPU
		{6DE85834-F227-4D88-B412-CD851D644067}.Release|x86.ActiveCfg = Release|Any CPU
		{6DE85834-F227-4D88-B412-CD851D644067}.Release|x86.Build.0 = Release|Any CPU
		{7F9657C4-6471-415D-B499-C67DD205F70D}.Debug|Any CPU.ActiveCfg = Debug|Any CPU
		{7F9657C4-6471-415D-B499-C67DD205F70D}.Debug|Any CPU.Build.0 = Debug|Any CPU
		{7F9657C4-6471-415D-B499-C67DD205F70D}.Debug|x64.ActiveCfg = Debug|Any CPU
		{7F9657C4-6471-415D-B499-C67DD205F70D}.Debug|x64.Build.0 = Debug|Any CPU
		{7F9657C4-6471-415D-B499-C67DD205F70D}.Debug|x86.ActiveCfg = Debug|Any CPU
		{7F9657C4-6471-415D-B499-C67DD205F70D}.Debug|x86.Build.0 = Debug|Any CPU
		{7F9657C4-6471-415D-B499-C67DD205F70D}.Release|Any CPU.ActiveCfg = Release|Any CPU
		{7F9657C4-6471-415D-B499-C67DD205F70D}.Release|Any CPU.Build.0 = Release|Any CPU
		{7F9657C4-6471-415D-B499-C67DD205F70D}.Release|x64.ActiveCfg = Release|Any CPU
		{7F9657C4-6471-415D-B499-C67DD205F70D}.Release|x64.Build.0 = Release|Any CPU
		{7F9657C4-6471-415D-B499-C67DD205F70D}.Release|x86.ActiveCfg = Release|Any CPU
		{7F9657C4-6471-415D-B499-C67DD205F70D}.Release|x86.Build.0 = Release|Any CPU
		{ACC479A7-1116-484E-97D1-E02526FE1B33}.Debug|Any CPU.ActiveCfg = Debug|Any CPU
		{ACC479A7-1116-484E-97D1-E02526FE1B33}.Debug|Any CPU.Build.0 = Debug|Any CPU
		{ACC479A7-1116-484E-97D1-E02526FE1B33}.Debug|x64.ActiveCfg = Debug|Any CPU
		{ACC479A7-1116-484E-97D1-E02526FE1B33}.Debug|x64.Build.0 = Debug|Any CPU
		{ACC479A7-1116-484E-97D1-E02526FE1B33}.Debug|x86.ActiveCfg = Debug|Any CPU
		{ACC479A7-1116-484E-97D1-E02526FE1B33}.Debug|x86.Build.0 = Debug|Any CPU
		{ACC479A7-1116-484E-97D1-E02526FE1B33}.Release|Any CPU.ActiveCfg = Release|Any CPU
		{ACC479A7-1116-484E-97D1-E02526FE1B33}.Release|Any CPU.Build.0 = Release|Any CPU
		{ACC479A7-1116-484E-97D1-E02526FE1B33}.Release|x64.ActiveCfg = Release|Any CPU
		{ACC479A7-1116-484E-97D1-E02526FE1B33}.Release|x64.Build.0 = Release|Any CPU
		{ACC479A7-1116-484E-97D1-E02526FE1B33}.Release|x86.ActiveCfg = Release|Any CPU
		{ACC479A7-1116-484E-97D1-E02526FE1B33}.Release|x86.Build.0 = Release|Any CPU
	EndGlobalSection
	GlobalSection(SolutionProperties) = preSolution
		HideSolutionNode = FALSE
	EndGlobalSection
	GlobalSection(NestedProjects) = preSolution
		{DA222919-1F4E-4795-B42B-0FBE5B0A0B7D} = {91FCB20E-F743-4476-8E65-5D5E044BD6A4}
		{6DE85834-F227-4D88-B412-CD851D644067} = {91FCB20E-F743-4476-8E65-5D5E044BD6A4}
		{7F9657C4-6471-415D-B499-C67DD205F70D} = {91FCB20E-F743-4476-8E65-5D5E044BD6A4}
		{ACC479A7-1116-484E-97D1-E02526FE1B33} = {91FCB20E-F743-4476-8E65-5D5E044BD6A4}
	EndGlobalSection
	GlobalSection(ExtensibilityGlobals) = postSolution
		SolutionGuid = {5DCAAC7B-D476-4AB0-A562-4EF98B7BDD21}
	EndGlobalSection
EndGlobal
